gopkg.in/gcfg.v1 v1.2.0 h1:0HIbH907iBTAntm+88IJV2qmJALDAh8sPekI9Vc1fm0=
gopkg.in/gcfg.v1 v1.2.0/go.mod h1:yesOnuUOFQAhST5vPY4nbZsb/huCgGGXlipJsBn0b3o=
gopkg.in/warnings.v0 v0.1.1 h1:XM28wIgFzaBmeZ5dNHIpWLQpt/9DGKxk+rCg/22nnYE=
gopkg.in/warnings.v0 v0.1.1/go.mod h1:jksf8JmL6Qr/oQM2OXTHunEvvTAsrWBLb6OOjuVWRNI=
